
Microsoft Visual Studio Solution File, Format Version 12.00
# Visual Studio Version 17
VisualStudioVersion = 17.8.34601.278
MinimumVisualStudioVersion = 10.0.40219.1
Project("{FAE04EC0-301F-11D3-BF4B-00C04F79EFBC}") = "Lab 8 LinkedList", "Lab 8 LinkedList\Lab 8 LinkedList.csproj", "{B608104E-68DA-49E1-B91F-4E49142C96AF}"
EndProject
Project("{FAE04EC0-301F-11D3-BF4B-00C04F79EFBC}") = "LinkedTesting", "LinkedTesting\LinkedTesting.csproj", "{6F91F9BA-17B7-407D-B9CA-9BB9A53AD5F0}"
EndProject
Global
	GlobalSection(SolutionConfigurationPlatforms) = preSolution
		Debug|Any CPU = Debug|Any CPU
		Release|Any CPU = Release|Any CPU
	EndGlobalSection
	GlobalSection(ProjectConfigurationPlatforms) = postSolution
		{B608104E-68DA-49E1-B91F-4E49142C96AF}.Debug|Any CPU.ActiveCfg = Debug|Any CPU
		{B608104E-68DA-49E1-B91F-4E49142C96AF}.Debug|Any CPU.Build.0 = Debug|Any CPU
		{B608104E-68DA-49E1-B91F-4E49142C96AF}.Release|Any CPU.ActiveCfg = Release|Any CPU
		{B608104E-68DA-49E1-B91F-4E49142C96AF}.Release|Any CPU.Build.0 = Release|Any CPU
		{6F91F9BA-17B7-407D-B9CA-9BB9A53AD5F0}.Debug|Any CPU.ActiveCfg = Debug|Any CPU
		{6F91F9BA-17B7-407D-B9CA-9BB9A53AD5F0}.Debug|Any CPU.Build.0 = Debug|Any CPU
		{6F91F9BA-17B7-407D-B9CA-9BB9A53AD5F0}.Release|Any CPU.ActiveCfg = Release|Any CPU
		{6F91F9BA-17B7-407D-B9CA-9BB9A53AD5F0}.Release|Any CPU.Build.0 = Release|Any CPU
	EndGlobalSection
	GlobalSection(SolutionProperties) = preSolution
		HideSolutionNode = FALSE
	EndGlobalSection
	GlobalSection(ExtensibilityGlobals) = postSolution
		SolutionGuid = {DB101DC6-AE33-4147-AC5D-81F59F5CD737}
	EndGlobalSection
EndGlobal
